
Microsoft Visual Studio Solution File, Format Version 12.00
Project("{FAE04EC0-301F-11D3-BF4B-00C04F79EFBC}") = "Feed.Infrastructure", "Services\Feed\Feed.Infrastructure\Feed.Infrastructure.csproj", "{45FD0885-0744-46D8-B78B-EB6D1F7BFE34}"
EndProject
Project("{FAE04EC0-301F-11D3-BF4B-00C04F79EFBC}") = "Feed.API", "Services\Feed\Feed.API\Feed.API.csproj", "{4AC87696-5556-491E-99E3-BF3F5DAF261E}"
EndProject
Project("{FAE04EC0-301F-11D3-BF4B-00C04F79EFBC}") = "Feed.Core", "Services\Feed\Feed.Core\Feed.Core.csproj", "{0A197986-A9C7-49E2-94F1-434585C1AC06}"
EndProject
Project("{FAE04EC0-301F-11D3-BF4B-00C04F79EFBC}") = "Feed.Application", "Services\Feed\Feed.Application\Feed.Application.csproj", "{F51EA96F-54DA-41E9-AFED-DF81C98461DB}"
EndProject
Project("{2150E333-8FDC-42A3-9474-1A3956D46DE8}") = "Feed", "Feed", "{3B32FD86-6197-4544-A9F8-A924DEECCDD5}"
EndProject
Project("{2150E333-8FDC-42A3-9474-1A3956D46DE8}") = "Files", "Files", "{207F18C3-A07D-4614-BF4C-CBF0E93623BF}"
EndProject
Project("{FAE04EC0-301F-11D3-BF4B-00C04F79EFBC}") = "BlobImageFunctions.Tests", "Services\Files\BlobImageFunctions.Tests\BlobImageFunctions.Tests.csproj", "{ABC44622-2B56-4091-AEEB-F38CF4D4C9D9}"
EndProject
Project("{FAE04EC0-301F-11D3-BF4B-00C04F79EFBC}") = "BlobImageFunctions", "Services\Files\BlobImageFunctions\BlobImageFunctions.csproj", "{18C8B639-00B8-42D7-8134-9BC4AE24EF3B}"
EndProject
Project("{FAE04EC0-301F-11D3-BF4B-00C04F79EFBC}") = "FileUpload.API", "Services\Files\FileUpload.API\FileUpload.API.csproj", "{53D99626-F842-4256-B418-EDC8E7638D41}"
EndProject
Global
	GlobalSection(SolutionConfigurationPlatforms) = preSolution
		Debug|Any CPU = Debug|Any CPU
		Release|Any CPU = Release|Any CPU
	EndGlobalSection
	GlobalSection(ProjectConfigurationPlatforms) = postSolution
		{45FD0885-0744-46D8-B78B-EB6D1F7BFE34}.Debug|Any CPU.ActiveCfg = Debug|Any CPU
		{45FD0885-0744-46D8-B78B-EB6D1F7BFE34}.Debug|Any CPU.Build.0 = Debug|Any CPU
		{45FD0885-0744-46D8-B78B-EB6D1F7BFE34}.Release|Any CPU.ActiveCfg = Release|Any CPU
		{45FD0885-0744-46D8-B78B-EB6D1F7BFE34}.Release|Any CPU.Build.0 = Release|Any CPU
		{4AC87696-5556-491E-99E3-BF3F5DAF261E}.Debug|Any CPU.ActiveCfg = Debug|Any CPU
		{4AC87696-5556-491E-99E3-BF3F5DAF261E}.Debug|Any CPU.Build.0 = Debug|Any CPU
		{4AC87696-5556-491E-99E3-BF3F5DAF261E}.Release|Any CPU.ActiveCfg = Release|Any CPU
		{4AC87696-5556-491E-99E3-BF3F5DAF261E}.Release|Any CPU.Build.0 = Release|Any CPU
		{0A197986-A9C7-49E2-94F1-434585C1AC06}.Debug|Any CPU.ActiveCfg = Debug|Any CPU
		{0A197986-A9C7-49E2-94F1-434585C1AC06}.Debug|Any CPU.Build.0 = Debug|Any CPU
		{0A197986-A9C7-49E2-94F1-434585C1AC06}.Release|Any CPU.ActiveCfg = Release|Any CPU
		{0A197986-A9C7-49E2-94F1-434585C1AC06}.Release|Any CPU.Build.0 = Release|Any CPU
		{F51EA96F-54DA-41E9-AFED-DF81C98461DB}.Debug|Any CPU.ActiveCfg = Debug|Any CPU
		{F51EA96F-54DA-41E9-AFED-DF81C98461DB}.Debug|Any CPU.Build.0 = Debug|Any CPU
		{F51EA96F-54DA-41E9-AFED-DF81C98461DB}.Release|Any CPU.ActiveCfg = Release|Any CPU
		{F51EA96F-54DA-41E9-AFED-DF81C98461DB}.Release|Any CPU.Build.0 = Release|Any CPU
		{ABC44622-2B56-4091-AEEB-F38CF4D4C9D9}.Debug|Any CPU.ActiveCfg = Debug|Any CPU
		{ABC44622-2B56-4091-AEEB-F38CF4D4C9D9}.Debug|Any CPU.Build.0 = Debug|Any CPU
		{ABC44622-2B56-4091-AEEB-F38CF4D4C9D9}.Release|Any CPU.ActiveCfg = Release|Any CPU
		{ABC44622-2B56-4091-AEEB-F38CF4D4C9D9}.Release|Any CPU.Build.0 = Release|Any CPU
		{18C8B639-00B8-42D7-8134-9BC4AE24EF3B}.Debug|Any CPU.ActiveCfg = Debug|Any CPU
		{18C8B639-00B8-42D7-8134-9BC4AE24EF3B}.Debug|Any CPU.Build.0 = Debug|Any CPU
		{18C8B639-00B8-42D7-8134-9BC4AE24EF3B}.Release|Any CPU.ActiveCfg = Release|Any CPU
		{18C8B639-00B8-42D7-8134-9BC4AE24EF3B}.Release|Any CPU.Build.0 = Release|Any CPU
		{53D99626-F842-4256-B418-EDC8E7638D41}.Debug|Any CPU.ActiveCfg = Debug|Any CPU
		{53D99626-F842-4256-B418-EDC8E7638D41}.Debug|Any CPU.Build.0 = Debug|Any CPU
		{53D99626-F842-4256-B418-EDC8E7638D41}.Release|Any CPU.ActiveCfg = Release|Any CPU
		{53D99626-F842-4256-B418-EDC8E7638D41}.Release|Any CPU.Build.0 = Release|Any CPU
	EndGlobalSection
	GlobalSection(NestedProjects) = preSolution
		{4AC87696-5556-491E-99E3-BF3F5DAF261E} = {3B32FD86-6197-4544-A9F8-A924DEECCDD5}
		{F51EA96F-54DA-41E9-AFED-DF81C98461DB} = {3B32FD86-6197-4544-A9F8-A924DEECCDD5}
		{0A197986-A9C7-49E2-94F1-434585C1AC06} = {3B32FD86-6197-4544-A9F8-A924DEECCDD5}
		{45FD0885-0744-46D8-B78B-EB6D1F7BFE34} = {3B32FD86-6197-4544-A9F8-A924DEECCDD5}
		{ABC44622-2B56-4091-AEEB-F38CF4D4C9D9} = {207F18C3-A07D-4614-BF4C-CBF0E93623BF}
		{18C8B639-00B8-42D7-8134-9BC4AE24EF3B} = {207F18C3-A07D-4614-BF4C-CBF0E93623BF}
		{53D99626-F842-4256-B418-EDC8E7638D41} = {207F18C3-A07D-4614-BF4C-CBF0E93623BF}
	EndGlobalSection
EndGlobal
